# THIS IS AN AUTOGENERATED FILE. DO NOT EDIT THIS FILE DIRECTLY.
# yarn lockfile v1


"@faker-js/faker@^10.6.0":
  version "10.6.0"
  resolved "https://registry.yarnpkg.com/@faker-js/faker/-/faker-10.6.0.tgz#b6b0248f0f59e0ac69ad6803167d58bb824f929d"
  integrity sha512-3RQHgEtvL1Frl/d1cSreo7qhJ3Gk1OdNUai/CtZ8G+wYeRQnJih3s9xJ9/kgYekPQRdwgh0HXRPqMlzWGwivIQ==

commander@^15.0.0:
  version "15.0.0"
  resolved "https://registry.yarnpkg.com/commander/-/commander-15.0.0.tgz#96f3961f12adac1799ef3fbd8bc61d40572d1b11"
  integrity sha512-z67u4ZhzCL/Tydu1lJARtEZYWbWaN7oYLHbsuzocr6y4N6WZAagG3RQ4FW61V1/0+jImpj293XfrcYnd1qxtPg==
