# THIS IS AN AUTOGENERATED FILE. DO NOT EDIT THIS FILE DIRECTLY.
# yarn lockfile v1


"@faker-js/faker@^9.4.0":
  version "9.4.0"
  resolved "https://registry.yarnpkg.com/@faker-js/faker/-/faker-9.4.0.tgz#3e85604df3a318729436677565e9433d964276d2"
  integrity sha512-85+k0AxaZSTowL0gXp8zYWDIrWclTbRPg/pm/V0dSFZ6W6D4lhcG3uuZl4zLsEKfEvs69xDbLN2cHQudwp95JA==

commander@^13.1.0:
  version "13.1.0"
  resolved "https://registry.yarnpkg.com/commander/-/commander-13.1.0.tgz#776167db68c78f38dcce1f9b8d7b8b9a488abf46"
  integrity sha512-/rFeCpNJQbhSZjGVwO9RFV3xPqbnERS8MmIQzCtD/zl6gpJuV/bMLuN92oG3F7d8oDEHHRrujSXNUr8fpjntKw==
