# THIS IS AN AUTOGENERATED FILE. DO NOT EDIT THIS FILE DIRECTLY.
# yarn lockfile v1


brew@^0.0.8:
  version "0.0.8"
  resolved "https://registry.yarnpkg.com/brew/-/brew-0.0.8.tgz#0418840ef1526f0eb5301ed31f22848d71624c6f"
  integrity sha512-BSTwOi8fIk8+7SbNmqhleUdjVZTewhYOqRb7zeSOk45sEx1ak6v1btoFl0WiaIbl1dsg4DFHQ4qefXpqXztMXA==
