// !$*UTF8*$!
{
	archiveVersion = 1;
	classes = {
	};
	objectVersion = 77;
	objects = {

/* Begin PBXBuildFile section */
		A10000000000000000000013 /* LiveKit in Frameworks */ = {isa = PBXBuildFile; productRef = A10000000000000000000012 /* LiveKit */; };
/* End PBXBuildFile section */

/* Begin PBXFileReference section */
		A10000000000000000000001 /* SAGE3.app */ = {isa = PBXFileReference; explicitFileType = wrapper.application; includeInIndex = 0; path = SAGE3.app; sourceTree = BUILT_PRODUCTS_DIR; };
		A10000000000000000000010 /* Base.xcconfig */ = {isa = PBXFileReference; lastKnownFileType = text.xcconfig; path = Base.xcconfig; sourceTree = "<group>"; };
/* End PBXFileReference section */

/* Begin PBXFileSystemSynchronizedRootGroup section */
		A10000000000000000000002 /* SAGE3 */ = {
			isa = PBXFileSystemSynchronizedRootGroup;
			path = SAGE3;
			sourceTree = "<group>";
		};
/* End PBXFileSystemSynchronizedRootGroup section */

/* Begin PBXFrameworksBuildPhase section */
		A10000000000000000000003 /* Frameworks */ = {
			isa = PBXFrameworksBuildPhase;
			buildActionMask = 2147483647;
			files = (
				A10000000000000000000013 /* LiveKit in Frameworks */,
			);
			runOnlyForDeploymentPostprocessing = 0;
		};
/* End PBXFrameworksBuildPhase section */

/* Begin PBXGroup section */
		A10000000000000000000004 = {
			isa = PBXGroup;
			children = (
				A10000000000000000000002 /* SAGE3 */,
				A10000000000000000000010 /* Base.xcconfig */,
				A10000000000000000000005 /* Products */,
			);
			sourceTree = "<group>";
		};
		A10000000000000000000005 /* Products */ = {
			isa = PBXGroup;
			children = (
				A10000000000000000000001 /* SAGE3.app */,
			);
			name = Products;
			sourceTree = "<group>";
		};
/* End PBXGroup section */

/* Begin PBXNativeTarget section */
		A10000000000000000000006 /* SAGE3 */ = {
			isa = PBXNativeTarget;
			buildConfigurationList = A10000000000000000000007 /* Build configuration list for PBXNativeTarget "SAGE3" */;
			buildPhases = (
				A10000000000000000000008 /* Sources */,
				A10000000000000000000003 /* Frameworks */,
				A10000000000000000000009 /* Resources */,
			);
			buildRules = (
			);
			dependencies = (
			);
			fileSystemSynchronizedGroups = (
				A10000000000000000000002 /* SAGE3 */,
			);
			name = SAGE3;
			packageProductDependencies = (
				A10000000000000000000012 /* LiveKit */,
			);
			productName = SAGE3;
			productReference = A10000000000000000000001 /* SAGE3.app */;
			productType = "com.apple.product-type.application";
		};
/* End PBXNativeTarget section */

/* Begin PBXProject section */
		A1000000000000000000000A /* Project object */ = {
			isa = PBXProject;
			attributes = {
				BuildIndependentTargetsInParallel = 1;
				LastSwiftUpdateCheck = 2700;
				LastUpgradeCheck = 2700;
				TargetAttributes = {
					A10000000000000000000006 = {
						CreatedOnToolsVersion = 27.0;
					};
				};
			};
			buildConfigurationList = A1000000000000000000000B /* Build configuration list for PBXProject "SAGE3" */;
			developmentRegion = en;
			hasScannedForEncodings = 0;
			knownRegions = (
				en,
				Base,
			);
			mainGroup = A10000000000000000000004;
			minimizedProjectReferenceProxies = 1;
			packageReferences = (
				A10000000000000000000011 /* XCRemoteSwiftPackageReference "client-sdk-swift" */,
			);
			preferredProjectObjectVersion = 77;
			productRefGroup = A10000000000000000000005 /* Products */;
			projectDirPath = "";
			projectRoot = "";
			targets = (
				A10000000000000000000006 /* SAGE3 */,
			);
		};
/* End PBXProject section */

/* Begin PBXResourcesBuildPhase section */
		A10000000000000000000009 /* Resources */ = {
			isa = PBXResourcesBuildPhase;
			buildActionMask = 2147483647;
			files = (
			);
			runOnlyForDeploymentPostprocessing = 0;
		};
/* End PBXResourcesBuildPhase section */

/* Begin PBXSourcesBuildPhase section */
		A10000000000000000000008 /* Sources */ = {
			isa = PBXSourcesBuildPhase;
			buildActionMask = 2147483647;
			files = (
			);
			runOnlyForDeploymentPostprocessing = 0;
		};
/* End PBXSourcesBuildPhase section */

/* Begin XCBuildConfiguration section */
		A1000000000000000000000C /* Debug */ = {
			isa = XCBuildConfiguration;
			buildSettings = {
				ALWAYS_SEARCH_USER_PATHS = NO;
				CLANG_ENABLE_MODULES = YES;
				CLANG_ENABLE_OBJC_ARC = YES;
				COPY_PHASE_STRIP = NO;
				DEBUG_INFORMATION_FORMAT = dwarf;
				ENABLE_STRICT_OBJC_MSGSEND = YES;
				ENABLE_TESTABILITY = YES;
				GCC_OPTIMIZATION_LEVEL = 0;
				GCC_PREPROCESSOR_DEFINITIONS = (
					"DEBUG=1",
					"$(inherited)",
				);
				IPHONEOS_DEPLOYMENT_TARGET = 17.0;
				MTL_ENABLE_DEBUG_INFO = INCLUDE_SOURCE;
				ONLY_ACTIVE_ARCH = YES;
				SDKROOT = iphoneos;
				SWIFT_ACTIVE_COMPILATION_CONDITIONS = "DEBUG $(inherited)";
				SWIFT_OPTIMIZATION_LEVEL = "-Onone";
			};
			name = Debug;
		};
		A1000000000000000000000D /* Release */ = {
			isa = XCBuildConfiguration;
			buildSettings = {
				ALWAYS_SEARCH_USER_PATHS = NO;
				CLANG_ENABLE_MODULES = YES;
				CLANG_ENABLE_OBJC_ARC = YES;
				COPY_PHASE_STRIP = NO;
				DEBUG_INFORMATION_FORMAT = "dwarf-with-dsym";
				ENABLE_NS_ASSERTIONS = NO;
				ENABLE_STRICT_OBJC_MSGSEND = YES;
				IPHONEOS_DEPLOYMENT_TARGET = 17.0;
				MTL_ENABLE_DEBUG_INFO = NO;
				SDKROOT = iphoneos;
				SWIFT_COMPILATION_MODE = wholemodule;
				VALIDATE_PRODUCT = YES;
			};
			name = Release;
		};
		A1000000000000000000000E /* Debug */ = {
			isa = XCBuildConfiguration;
			baseConfigurationReference = A10000000000000000000010 /* Base.xcconfig */;
			buildSettings = {
				ASSETCATALOG_COMPILER_APPICON_NAME = AppIcon;
				CODE_SIGN_STYLE = Automatic;
				CURRENT_PROJECT_VERSION = 1;
				GENERATE_INFOPLIST_FILE = YES;
				INFOPLIST_FILE = Info.plist;
				INFOPLIST_KEY_CFBundleDisplayName = SAGE3;
				INFOPLIST_KEY_ITSAppUsesNonExemptEncryption = NO;
				INFOPLIST_KEY_NSCameraUsageDescription = "Take a photo to add it to the board.";
				INFOPLIST_KEY_NSLocalNetworkUsageDescription = "Connect to SAGE3 hubs on your local network, such as a development server.";
				INFOPLIST_KEY_NSMicrophoneUsageDescription = "SAGE3 does not use the microphone. Its screen sharing library includes microphone support, which the app never turns on.";
				INFOPLIST_KEY_UIApplicationSceneManifest_Generation = YES;
				INFOPLIST_KEY_UILaunchScreen_Generation = YES;
				INFOPLIST_KEY_UISupportedInterfaceOrientations_iPad = "UIInterfaceOrientationPortrait UIInterfaceOrientationPortraitUpsideDown UIInterfaceOrientationLandscapeLeft UIInterfaceOrientationLandscapeRight";
				INFOPLIST_KEY_UISupportedInterfaceOrientations_iPhone = "UIInterfaceOrientationPortrait UIInterfaceOrientationLandscapeLeft UIInterfaceOrientationLandscapeRight";
				LD_RUNPATH_SEARCH_PATHS = (
					"$(inherited)",
					"@executable_path/Frameworks",
				);
				MARKETING_VERSION = 1.0;
				PRODUCT_BUNDLE_IDENTIFIER = app.sage3.ios;
				PRODUCT_NAME = "$(TARGET_NAME)";
				SWIFT_EMIT_LOC_STRINGS = YES;
				SWIFT_VERSION = 5.0;
				TARGETED_DEVICE_FAMILY = "1,2";
			};
			name = Debug;
		};
		A1000000000000000000000F /* Release */ = {
			isa = XCBuildConfiguration;
			baseConfigurationReference = A10000000000000000000010 /* Base.xcconfig */;
			buildSettings = {
				ASSETCATALOG_COMPILER_APPICON_NAME = AppIcon;
				CODE_SIGN_STYLE = Automatic;
				CURRENT_PROJECT_VERSION = 1;
				GENERATE_INFOPLIST_FILE = YES;
				INFOPLIST_FILE = Info.plist;
				INFOPLIST_KEY_CFBundleDisplayName = SAGE3;
				INFOPLIST_KEY_ITSAppUsesNonExemptEncryption = NO;
				INFOPLIST_KEY_NSCameraUsageDescription = "Take a photo to add it to the board.";
				INFOPLIST_KEY_NSLocalNetworkUsageDescription = "Connect to SAGE3 hubs on your local network, such as a development server.";
				INFOPLIST_KEY_NSMicrophoneUsageDescription = "SAGE3 does not use the microphone. Its screen sharing library includes microphone support, which the app never turns on.";
				INFOPLIST_KEY_UIApplicationSceneManifest_Generation = YES;
				INFOPLIST_KEY_UILaunchScreen_Generation = YES;
				INFOPLIST_KEY_UISupportedInterfaceOrientations_iPad = "UIInterfaceOrientationPortrait UIInterfaceOrientationPortraitUpsideDown UIInterfaceOrientationLandscapeLeft UIInterfaceOrientationLandscapeRight";
				INFOPLIST_KEY_UISupportedInterfaceOrientations_iPhone = "UIInterfaceOrientationPortrait UIInterfaceOrientationLandscapeLeft UIInterfaceOrientationLandscapeRight";
				LD_RUNPATH_SEARCH_PATHS = (
					"$(inherited)",
					"@executable_path/Frameworks",
				);
				MARKETING_VERSION = 1.0;
				PRODUCT_BUNDLE_IDENTIFIER = app.sage3.ios;
				PRODUCT_NAME = "$(TARGET_NAME)";
				SWIFT_EMIT_LOC_STRINGS = YES;
				SWIFT_VERSION = 5.0;
				TARGETED_DEVICE_FAMILY = "1,2";
			};
			name = Release;
		};
/* End XCBuildConfiguration section */

/* Begin XCConfigurationList section */
		A10000000000000000000007 /* Build configuration list for PBXNativeTarget "SAGE3" */ = {
			isa = XCConfigurationList;
			buildConfigurations = (
				A1000000000000000000000E /* Debug */,
				A1000000000000000000000F /* Release */,
			);
			defaultConfigurationIsVisible = 0;
			defaultConfigurationName = Release;
		};
		A1000000000000000000000B /* Build configuration list for PBXProject "SAGE3" */ = {
			isa = XCConfigurationList;
			buildConfigurations = (
				A1000000000000000000000C /* Debug */,
				A1000000000000000000000D /* Release */,
			);
			defaultConfigurationIsVisible = 0;
			defaultConfigurationName = Release;
		};
/* End XCConfigurationList section */

/* Begin XCRemoteSwiftPackageReference section */
		A10000000000000000000011 /* XCRemoteSwiftPackageReference "client-sdk-swift" */ = {
			isa = XCRemoteSwiftPackageReference;
			repositoryURL = "https://github.com/livekit/client-sdk-swift";
			requirement = {
				kind = upToNextMajorVersion;
				minimumVersion = 2.17.0;
			};
		};
/* End XCRemoteSwiftPackageReference section */

/* Begin XCSwiftPackageProductDependency section */
		A10000000000000000000012 /* LiveKit */ = {
			isa = XCSwiftPackageProductDependency;
			package = A10000000000000000000011 /* XCRemoteSwiftPackageReference "client-sdk-swift" */;
			productName = LiveKit;
		};
/* End XCSwiftPackageProductDependency section */
	};
	rootObject = A1000000000000000000000A /* Project object */;
}
