# THIS IS AN AUTOGENERATED FILE. DO NOT EDIT THIS FILE DIRECTLY.
# yarn lockfile v1


"@redis/bloom@1.2.0":
  version "1.2.0"
  resolved "https://registry.yarnpkg.com/@redis/bloom/-/bloom-1.2.0.tgz#d3fd6d3c0af3ef92f26767b56414a370c7b63b71"
  integrity sha512-HG2DFjYKbpNmVXsa0keLHp/3leGJz1mjh09f2RLGGLQZzSHpkmZWuwJbAvo3QcRY8p80m5+ZdXZdYOSBLlp7Cg==

"@redis/client@1.5.14":
  version "1.5.14"
  resolved "https://registry.yarnpkg.com/@redis/client/-/client-1.5.14.tgz#1107893464d092f140d77c468b018a6ed306a180"
  integrity sha512-YGn0GqsRBFUQxklhY7v562VMOP0DcmlrHHs3IV1mFE3cbxe31IITUkqhBcIhVSI/2JqtWAJXg5mjV4aU+zD0HA==
  dependencies:
    cluster-key-slot "1.1.2"
    generic-pool "3.9.0"
    yallist "4.0.0"

"@redis/graph@1.1.1":
  version "1.1.1"
  resolved "https://registry.yarnpkg.com/@redis/graph/-/graph-1.1.1.tgz#8c10df2df7f7d02741866751764031a957a170ea"
  integrity sha512-FEMTcTHZozZciLRl6GiiIB4zGm5z5F3F6a6FZCyrfxdKOhFlGkiAqlexWMBzCi4DcRoyiOsuLfW+cjlGWyExOw==

"@redis/json@1.0.6":
  version "1.0.6"
  resolved "https://registry.yarnpkg.com/@redis/json/-/json-1.0.6.tgz#b7a7725bbb907765d84c99d55eac3fcf772e180e"
  integrity sha512-rcZO3bfQbm2zPRpqo82XbW8zg4G/w4W3tI7X8Mqleq9goQjAGLL7q/1n1ZX4dXEAmORVZ4s1+uKLaUOg7LrUhw==

"@redis/search@1.1.6":
  version "1.1.6"
  resolved "https://registry.yarnpkg.com/@redis/search/-/search-1.1.6.tgz#33bcdd791d9ed88ab6910243a355d85a7fedf756"
  integrity sha512-mZXCxbTYKBQ3M2lZnEddwEAks0Kc7nauire8q20oA0oA/LoA+E/b5Y5KZn232ztPb1FkIGqo12vh3Lf+Vw5iTw==

"@redis/time-series@1.0.5":
  version "1.0.5"
  resolved "https://registry.yarnpkg.com/@redis/time-series/-/time-series-1.0.5.tgz#a6d70ef7a0e71e083ea09b967df0a0ed742bc6ad"
  integrity sha512-IFjIgTusQym2B5IZJG3XKr5llka7ey84fw/NOYqESP5WUfQs9zz1ww/9+qoz4ka/S6KcGBodzlCeZ5UImKbscg==

accepts@~1.3.8:
  version "1.3.8"
  resolved "https://registry.yarnpkg.com/accepts/-/accepts-1.3.8.tgz#0bf0be125b67014adcb0b0921e62db7bffe16b2e"
  integrity sha512-PYAthTa2m2VKxuvSD3DPC/Gy+U+sOA1LAuT8mkmRuvw+NACSaeXEQ+NHcVF7rONl6qcaxV3Uuemwawk+7+SJLw==
  dependencies:
    mime-types "~2.1.34"
    negotiator "0.6.3"

array-flatten@1.1.1:
  version "1.1.1"
  resolved "https://registry.yarnpkg.com/array-flatten/-/array-flatten-1.1.1.tgz#9a5f699051b1e7073328f2a008968b64ea2955d2"
  integrity sha512-PCVAQswWemu6UdxsDFFX/+gVeYqKAod3D3UVm91jHwynguOwAvYPhx8nNlM++NqRcK6CxxpUafjmhIdKiHibqg==

base64url@3.x.x:
  version "3.0.1"
  resolved "https://registry.yarnpkg.com/base64url/-/base64url-3.0.1.tgz#6399d572e2bc3f90a9a8b22d5dbb0a32d33f788d"
  integrity sha512-ir1UPr3dkwexU7FdV8qBBbNDRUhMmIekYMFZfi+C/sLNnRESKPl23nB9b2pltqfOQNnGzsDdId90AEtG5tCx4A==

body-parser@1.20.1:
  version "1.20.1"
  resolved "https://registry.yarnpkg.com/body-parser/-/body-parser-1.20.1.tgz#b1812a8912c195cd371a3ee5e66faa2338a5c668"
  integrity sha512-jWi7abTbYwajOytWCQc37VulmWiRae5RyTpaCyDcS5/lMdtwSz5lOpDE67srw/HYe35f1z3fDQw+3txg7gNtWw==
  dependencies:
    bytes "3.1.2"
    content-type "~1.0.4"
    debug "2.6.9"
    depd "2.0.0"
    destroy "1.2.0"
    http-errors "2.0.0"
    iconv-lite "0.4.24"
    on-finished "2.4.1"
    qs "6.11.0"
    raw-body "2.5.1"
    type-is "~1.6.18"
    unpipe "1.0.0"

buffer-equal-constant-time@1.0.1:
  version "1.0.1"
  resolved "https://registry.yarnpkg.com/buffer-equal-constant-time/-/buffer-equal-constant-time-1.0.1.tgz#f8e71132f7ffe6e01a5c9697a4c6f3e48d5cc819"
  integrity sha512-zRpUiDwd/xk6ADqPMATG8vc9VPrkck7T07OIx0gnjmJAnHnTVXNQG3vfvWNuiZIkwu9KrKdA1iJKfsfTVxE6NA==

bytes@3.1.2:
  version "3.1.2"
  resolved "https://registry.yarnpkg.com/bytes/-/bytes-3.1.2.tgz#8b0beeb98605adf1b128fa4386403c009e0221a5"
  integrity sha512-/Nf7TyzTx6S3yRJObOAV7956r8cr2+Oj8AC5dt8wSP3BQAoeX58NoHyCU8P8zGkNXStjTSi6fzO6F0pBdcYbEg==

call-bind@^1.0.0:
  version "1.0.2"
  resolved "https://registry.yarnpkg.com/call-bind/-/call-bind-1.0.2.tgz#b1d4e89e688119c3c9a903ad30abb2f6a919be3c"
  integrity sha512-7O+FbCihrB5WGbFYesctwmTKae6rOiIzmz1icreWJ+0aA7LJfuqhEso2T9ncpcFtzMQtzXf2QGGueWJGTYsqrA==
  dependencies:
    function-bind "^1.1.1"
    get-intrinsic "^1.0.2"

cluster-key-slot@1.1.2:
  version "1.1.2"
  resolved "https://registry.yarnpkg.com/cluster-key-slot/-/cluster-key-slot-1.1.2.tgz#88ddaa46906e303b5de30d3153b7d9fe0a0c19ac"
  integrity sha512-RMr0FhtfXemyinomL4hrWcYJxmX6deFdCxpJzhDttxgO1+bcCnkk+9drydLVDmAMG7NE6aN/fl4F7ucU/90gAA==

connect-redis@^7.1.1:
  version "7.1.1"
  resolved "https://registry.yarnpkg.com/connect-redis/-/connect-redis-7.1.1.tgz#b78f91eb6d7509ae9e819bb362b94ba459072a1d"
  integrity sha512-M+z7alnCJiuzKa8/1qAYdGUXHYfDnLolOGAUjOioB07pP39qxjG+X9ibsud7qUBc4jMV5Mcy3ugGv8eFcgamJQ==

content-disposition@0.5.4:
  version "0.5.4"
  resolved "https://registry.yarnpkg.com/content-disposition/-/content-disposition-0.5.4.tgz#8b82b4efac82512a02bb0b1dcec9d2c5e8eb5bfe"
  integrity sha512-FveZTNuGw04cxlAiWbzi6zTAL/lhehaWbTtgluJh4/E95DqMwTmha3KZN1aAWA8cFIhHzMZUvLevkw5Rqk+tSQ==
  dependencies:
    safe-buffer "5.2.1"

content-type@~1.0.4:
  version "1.0.5"
  resolved "https://registry.yarnpkg.com/content-type/-/content-type-1.0.5.tgz#8b773162656d1d1086784c8f23a54ce6d73d7918"
  integrity sha512-nTjqfcBFEipKdXCv4YDQWCfmcLZKm81ldF0pAopTvyrFGVbcR6P/VAAd5G7N+0tTr8QqiU0tFadD6FK4NtJwOA==

cookie-signature@1.0.6:
  version "1.0.6"
  resolved "https://registry.yarnpkg.com/cookie-signature/-/cookie-signature-1.0.6.tgz#e303a882b342cc3ee8ca513a79999734dab3ae2c"
  integrity sha512-QADzlaHc8icV8I7vbaJXJwod9HWYp8uCqf1xa4OfNu1T7JVxQIrUgOWtHdNDtPiywmFbiS12VjotIXLrKM3orQ==

cookie@0.4.2:
  version "0.4.2"
  resolved "https://registry.yarnpkg.com/cookie/-/cookie-0.4.2.tgz#0e41f24de5ecf317947c82fc789e06a884824432"
  integrity sha512-aSWTXFzaKWkvHO1Ny/s+ePFpvKsPnjc551iI41v3ny/ow6tBG5Vd+FuqGNhh1LxOmVzOlGUriIlOaokOvhaStA==

cookie@0.5.0:
  version "0.5.0"
  resolved "https://registry.yarnpkg.com/cookie/-/cookie-0.5.0.tgz#d1f5d71adec6558c58f389987c366aa47e994f8b"
  integrity sha512-YZ3GUyn/o8gfKJlnlX7g7xq4gyO6OSuhGPKaaGssGB2qgDUS0gPgtTvoyZLTt9Ab6dC4hfc9dV5arkvc/OCmrw==

debug@2.6.9:
  version "2.6.9"
  resolved "https://registry.yarnpkg.com/debug/-/debug-2.6.9.tgz#5d128515df134ff327e90a4c93f4e077a536341f"
  integrity sha512-bC7ElrdJaJnPbAP+1EotYvqZsb3ecl5wi6Bfi6BJTUcNowp6cvspg0jXznRTKDjm/E7AdgFBVeAPVMNcKGsHMA==
  dependencies:
    ms "2.0.0"

depd@2.0.0, depd@~2.0.0:
  version "2.0.0"
  resolved "https://registry.yarnpkg.com/depd/-/depd-2.0.0.tgz#b696163cc757560d09cf22cc8fad1571b79e76df"
  integrity sha512-g7nH6P6dyDioJogAAGprGpCtVImJhpPk/roCzdb3fIh61/s/nPsfR6onyMwkCAR/OlC3yBC0lESvUoQEAssIrw==

destroy@1.2.0:
  version "1.2.0"
  resolved "https://registry.yarnpkg.com/destroy/-/destroy-1.2.0.tgz#4803735509ad8be552934c67df614f94e66fa015"
  integrity sha512-2sJGJTaXIIaR1w4iJSNoN0hnMY7Gpc/n8D4qSCJw8QqFWXf7cuAgnEHxBpweaVcPevC2l3KpjYCx3NypQQgaJg==

ecdsa-sig-formatter@1.0.11:
  version "1.0.11"
  resolved "https://registry.yarnpkg.com/ecdsa-sig-formatter/-/ecdsa-sig-formatter-1.0.11.tgz#ae0f0fa2d85045ef14a817daa3ce9acd0489e5bf"
  integrity sha512-nagl3RYrbNv6kQkeJIpt6NJZy8twLB/2vtz6yN9Z4vRKHN4/QZJIEbqohALSgwKdnksuY3k5Addp5lg8sVoVcQ==
  dependencies:
    safe-buffer "^5.0.1"

ee-first@1.1.1:
  version "1.1.1"
  resolved "https://registry.yarnpkg.com/ee-first/-/ee-first-1.1.1.tgz#590c61156b0ae2f4f0255732a158b266bc56b21d"
  integrity sha512-WMwm9LhRUo+WUaRN+vRuETqG89IgZphVSNkdFgeb6sS/E4OrDIN7t48CAewSHXc6C8lefD8KKfr5vY61brQlow==

encodeurl@~1.0.2:
  version "1.0.2"
  resolved "https://registry.yarnpkg.com/encodeurl/-/encodeurl-1.0.2.tgz#ad3ff4c86ec2d029322f5a02c3a9a606c95b3f59"
  integrity sha512-TPJXq8JqFaVYm2CWmPvnP2Iyo4ZSM7/QKcSmuMLDObfpH5fi7RUGmd/rTDf+rut/saiDiQEeVTNgAmJEdAOx0w==

escape-html@~1.0.3:
  version "1.0.3"
  resolved "https://registry.yarnpkg.com/escape-html/-/escape-html-1.0.3.tgz#0258eae4d3d0c0974de1c169188ef0051d1d1988"
  integrity sha512-NiSupZ4OeuGwr68lGIeym/ksIZMJodUGOSCZ/FSnTxcrekbvqrgdUxlJOMpijaKZVjAJrWrGs/6Jy8OMuyj9ow==

etag@~1.8.1:
  version "1.8.1"
  resolved "https://registry.yarnpkg.com/etag/-/etag-1.8.1.tgz#41ae2eeb65efa62268aebfea83ac7d79299b0887"
  integrity sha512-aIL5Fx7mawVa300al2BnEE4iNvo1qETxLrPI/o05L7z6go7fCw1J6EQmbK4FmJ2AS7kgVF/KEZWufBfdClMcPg==

express-session@^1.17.2:
  version "1.17.3"
  resolved "https://registry.yarnpkg.com/express-session/-/express-session-1.17.3.tgz#14b997a15ed43e5949cb1d073725675dd2777f36"
  integrity sha512-4+otWXlShYlG1Ma+2Jnn+xgKUZTMJ5QD3YvfilX3AcocOAbIkVylSWEklzALe/+Pu4qV6TYBj5GwOBFfdKqLBw==
  dependencies:
    cookie "0.4.2"
    cookie-signature "1.0.6"
    debug "2.6.9"
    depd "~2.0.0"
    on-headers "~1.0.2"
    parseurl "~1.3.3"
    safe-buffer "5.2.1"
    uid-safe "~2.1.5"

express@4.18.2:
  version "4.18.2"
  resolved "https://registry.yarnpkg.com/express/-/express-4.18.2.tgz#3fabe08296e930c796c19e3c516979386ba9fd59"
  integrity sha512-5/PsL6iGPdfQ/lKM1UuielYgv3BUoJfz1aUwU9vHZ+J7gyvwdQXFEBIEIaxeGf0GIcreATNyBExtalisDbuMqQ==
  dependencies:
    accepts "~1.3.8"
    array-flatten "1.1.1"
    body-parser "1.20.1"
    content-disposition "0.5.4"
    content-type "~1.0.4"
    cookie "0.5.0"
    cookie-signature "1.0.6"
    debug "2.6.9"
    depd "2.0.0"
    encodeurl "~1.0.2"
    escape-html "~1.0.3"
    etag "~1.8.1"
    finalhandler "1.2.0"
    fresh "0.5.2"
    http-errors "2.0.0"
    merge-descriptors "1.0.1"
    methods "~1.1.2"
    on-finished "2.4.1"
    parseurl "~1.3.3"
    path-to-regexp "0.1.7"
    proxy-addr "~2.0.7"
    qs "6.11.0"
    range-parser "~1.2.1"
    safe-buffer "5.2.1"
    send "0.18.0"
    serve-static "1.15.0"
    setprototypeof "1.2.0"
    statuses "2.0.1"
    type-is "~1.6.18"
    utils-merge "1.0.1"
    vary "~1.1.2"

finalhandler@1.2.0:
  version "1.2.0"
  resolved "https://registry.yarnpkg.com/finalhandler/-/finalhandler-1.2.0.tgz#7d23fe5731b207b4640e4fcd00aec1f9207a7b32"
  integrity sha512-5uXcUVftlQMFnWC9qu/svkWv3GTd2PfUhK/3PLkYNAe7FbqJMt3515HaxE6eRL74GdsriiwujiawdaB1BpEISg==
  dependencies:
    debug "2.6.9"
    encodeurl "~1.0.2"
    escape-html "~1.0.3"
    on-finished "2.4.1"
    parseurl "~1.3.3"
    statuses "2.0.1"
    unpipe "~1.0.0"

forwarded@0.2.0:
  version "0.2.0"
  resolved "https://registry.yarnpkg.com/forwarded/-/forwarded-0.2.0.tgz#2269936428aad4c15c7ebe9779a84bf0b2a81811"
  integrity sha512-buRG0fpBtRHSTCOASe6hD258tEubFoRLb4ZNA6NxMVHNw2gOcwHo9wyablzMzOA5z9xA9L1KNjk/Nt6MT9aYow==

fresh@0.5.2:
  version "0.5.2"
  resolved "https://registry.yarnpkg.com/fresh/-/fresh-0.5.2.tgz#3d8cadd90d976569fa835ab1f8e4b23a105605a7"
  integrity sha512-zJ2mQYM18rEFOudeV4GShTGIQ7RbzA7ozbU9I/XBpm7kqgMywgmylMwXHxZJmkVoYkna9d2pVXVXPdYTP9ej8Q==

function-bind@^1.1.1:
  version "1.1.1"
  resolved "https://registry.yarnpkg.com/function-bind/-/function-bind-1.1.1.tgz#a56899d3ea3c9bab874bb9773b7c5ede92f4895d"
  integrity sha512-yIovAzMX49sF8Yl58fSCWJ5svSLuaibPxXQJFLmBObTuCr0Mf1KiPopGM9NiFjiYBCbfaa2Fh6breQ6ANVTI0A==

generic-pool@3.9.0:
  version "3.9.0"
  resolved "https://registry.yarnpkg.com/generic-pool/-/generic-pool-3.9.0.tgz#36f4a678e963f4fdb8707eab050823abc4e8f5e4"
  integrity sha512-hymDOu5B53XvN4QT9dBmZxPX4CWhBPPLguTZ9MMFeFa/Kg0xWVfylOVNlJji/E7yTZWFd/q9GO5TxDLq156D7g==

get-intrinsic@^1.0.2:
  version "1.2.1"
  resolved "https://registry.yarnpkg.com/get-intrinsic/-/get-intrinsic-1.2.1.tgz#d295644fed4505fc9cde952c37ee12b477a83d82"
  integrity sha512-2DcsyfABl+gVHEfCOaTrWgyt+tb6MSEGmKq+kI5HwLbIYgjgmMcV8KQ41uaKz1xxUcn9tJtgFbQUEVcEbd0FYw==
  dependencies:
    function-bind "^1.1.1"
    has "^1.0.3"
    has-proto "^1.0.1"
    has-symbols "^1.0.3"

has-proto@^1.0.1:
  version "1.0.1"
  resolved "https://registry.yarnpkg.com/has-proto/-/has-proto-1.0.1.tgz#1885c1305538958aff469fef37937c22795408e0"
  integrity sha512-7qE+iP+O+bgF9clE5+UoBFzE65mlBiVj3tKCrlNQ0Ogwm0BjpT/gK4SlLYDMybDh5I3TCTKnPPa0oMG7JDYrhg==

has-symbols@^1.0.3:
  version "1.0.3"
  resolved "https://registry.yarnpkg.com/has-symbols/-/has-symbols-1.0.3.tgz#bb7b2c4349251dce87b125f7bdf874aa7c8b39f8"
  integrity sha512-l3LCuF6MgDNwTDKkdYGEihYjt5pRPbEg46rtlmnSPlUbgmB8LOIrKJbYYFBSbnPaJexMKtiPO8hmeRjRz2Td+A==

has@^1.0.3:
  version "1.0.3"
  resolved "https://registry.yarnpkg.com/has/-/has-1.0.3.tgz#722d7cbfc1f6aa8241f16dd814e011e1f41e8796"
  integrity sha512-f2dvO0VU6Oej7RkWJGrehjbzMAjFp5/VKPp5tTpWIV4JHHZK1/BxbFRtf/siA2SWTe09caDmVtYYzWEIbBS4zw==
  dependencies:
    function-bind "^1.1.1"

http-errors@2.0.0:
  version "2.0.0"
  resolved "https://registry.yarnpkg.com/http-errors/-/http-errors-2.0.0.tgz#b7774a1486ef73cf7667ac9ae0858c012c57b9d3"
  integrity sha512-FtwrG/euBzaEjYeRqOgly7G0qviiXoJWnvEH2Z1plBdXgbyjv34pHTSb9zoeHMyDy33+DWy5Wt9Wo+TURtOYSQ==
  dependencies:
    depd "2.0.0"
    inherits "2.0.4"
    setprototypeof "1.2.0"
    statuses "2.0.1"
    toidentifier "1.0.1"

iconv-lite@0.4.24:
  version "0.4.24"
  resolved "https://registry.yarnpkg.com/iconv-lite/-/iconv-lite-0.4.24.tgz#2022b4b25fbddc21d2f524974a474aafe733908b"
  integrity sha512-v3MXnZAcvnywkTUEZomIActle7RXXeedOR31wwl7VlyoXO4Qi9arvSenNQWne1TcRwhCL1HwLI21bEqdpj8/rA==
  dependencies:
    safer-buffer ">= 2.1.2 < 3"

inherits@2.0.4:
  version "2.0.4"
  resolved "https://registry.yarnpkg.com/inherits/-/inherits-2.0.4.tgz#0fa2c64f932917c3433a0ded55363aae37416b7c"
  integrity sha512-k/vGaX4/Yla3WzyMCvTQOXYeIHvqOKtnqBduzTHpzpQZzAskKMhZ2K+EnBiSM9zGSoIFeMpXKxa4dYeZIQqewQ==

ipaddr.js@1.9.1:
  version "1.9.1"
  resolved "https://registry.yarnpkg.com/ipaddr.js/-/ipaddr.js-1.9.1.tgz#bff38543eeb8984825079ff3a2a8e6cbd46781b3"
  integrity sha512-0KI/607xoxSToH7GjN1FfSbLoU0+btTicjsQSWQlh/hZykN8KpmMf7uYwPW3R+akZ6R/w18ZlXSHBYXiYUPO3g==

jose@^4.14.4:
  version "4.14.6"
  resolved "https://registry.yarnpkg.com/jose/-/jose-4.14.6.tgz#94dca1d04a0ad8c6bff0998cdb51220d473cc3af"
  integrity sha512-EqJPEUlZD0/CSUMubKtMaYUOtWe91tZXTWMJZoKSbLk+KtdhNdcvppH8lA9XwVu2V4Ailvsj0GBZJ2ZwDjfesQ==

jsonwebtoken@^9.0.0:
  version "9.0.2"
  resolved "https://registry.yarnpkg.com/jsonwebtoken/-/jsonwebtoken-9.0.2.tgz#65ff91f4abef1784697d40952bb1998c504caaf3"
  integrity sha512-PRp66vJ865SSqOlgqS8hujT5U4AOgMfhrwYIuIhfKaoSCZcirrmASQr8CX7cUg+RMih+hgznrjp99o+W4pJLHQ==
  dependencies:
    jws "^3.2.2"
    lodash.includes "^4.3.0"
    lodash.isboolean "^3.0.3"
    lodash.isinteger "^4.0.4"
    lodash.isnumber "^3.0.3"
    lodash.isplainobject "^4.0.6"
    lodash.isstring "^4.0.1"
    lodash.once "^4.0.0"
    ms "^2.1.1"
    semver "^7.5.4"

jwa@^1.4.1:
  version "1.4.1"
  resolved "https://registry.yarnpkg.com/jwa/-/jwa-1.4.1.tgz#743c32985cb9e98655530d53641b66c8645b039a"
  integrity sha512-qiLX/xhEEFKUAJ6FiBMbes3w9ATzyk5W7Hvzpa/SLYdxNtng+gcurvrI7TbACjIXlsJyr05/S1oUhZrc63evQA==
  dependencies:
    buffer-equal-constant-time "1.0.1"
    ecdsa-sig-formatter "1.0.11"
    safe-buffer "^5.0.1"

jws@^3.2.2:
  version "3.2.2"
  resolved "https://registry.yarnpkg.com/jws/-/jws-3.2.2.tgz#001099f3639468c9414000e99995fa52fb478304"
  integrity sha512-YHlZCB6lMTllWDtSPHz/ZXTsi8S00usEV6v1tjq8tOUZzw7DpSDWVXjXDre6ed1w/pd495ODpHZYSdkRTsa0HA==
  dependencies:
    jwa "^1.4.1"
    safe-buffer "^5.0.1"

lodash.includes@^4.3.0:
  version "4.3.0"
  resolved "https://registry.yarnpkg.com/lodash.includes/-/lodash.includes-4.3.0.tgz#60bb98a87cb923c68ca1e51325483314849f553f"
  integrity sha512-W3Bx6mdkRTGtlJISOvVD/lbqjTlPPUDTMnlXZFnVwi9NKJ6tiAk6LVdlhZMm17VZisqhKcgzpO5Wz91PCt5b0w==

lodash.isboolean@^3.0.3:
  version "3.0.3"
  resolved "https://registry.yarnpkg.com/lodash.isboolean/-/lodash.isboolean-3.0.3.tgz#6c2e171db2a257cd96802fd43b01b20d5f5870f6"
  integrity sha512-Bz5mupy2SVbPHURB98VAcw+aHh4vRV5IPNhILUCsOzRmsTmSQ17jIuqopAentWoehktxGd9e/hbIXq980/1QJg==

lodash.isinteger@^4.0.4:
  version "4.0.4"
  resolved "https://registry.yarnpkg.com/lodash.isinteger/-/lodash.isinteger-4.0.4.tgz#619c0af3d03f8b04c31f5882840b77b11cd68343"
  integrity sha512-DBwtEWN2caHQ9/imiNeEA5ys1JoRtRfY3d7V9wkqtbycnAmTvRRmbHKDV4a0EYc678/dia0jrte4tjYwVBaZUA==

lodash.isnumber@^3.0.3:
  version "3.0.3"
  resolved "https://registry.yarnpkg.com/lodash.isnumber/-/lodash.isnumber-3.0.3.tgz#3ce76810c5928d03352301ac287317f11c0b1ffc"
  integrity sha512-QYqzpfwO3/CWf3XP+Z+tkQsfaLL/EnUlXWVkIk5FUPc4sBdTehEqZONuyRt2P67PXAk+NXmTBcc97zw9t1FQrw==

lodash.isplainobject@^4.0.6:
  version "4.0.6"
  resolved "https://registry.yarnpkg.com/lodash.isplainobject/-/lodash.isplainobject-4.0.6.tgz#7c526a52d89b45c45cc690b88163be0497f550cb"
  integrity sha512-oSXzaWypCMHkPC3NvBEaPHf0KsA5mvPrOPgQWDsbg8n7orZ290M0BmC/jgRZ4vcJ6DTAhjrsSYgdsW/F+MFOBA==

lodash.isstring@^4.0.1:
  version "4.0.1"
  resolved "https://registry.yarnpkg.com/lodash.isstring/-/lodash.isstring-4.0.1.tgz#d527dfb5456eca7cc9bb95d5daeaf88ba54a5451"
  integrity sha512-0wJxfxH1wgO3GrbuP+dTTk7op+6L41QCXbGINEmD+ny/G/eCqGzxyCsh7159S+mgDDcoarnBw6PC1PS5+wUGgw==

lodash.once@^4.0.0:
  version "4.1.1"
  resolved "https://registry.yarnpkg.com/lodash.once/-/lodash.once-4.1.1.tgz#0dd3971213c7c56df880977d504c88fb471a97ac"
  integrity sha512-Sb487aTOCr9drQVL8pIxOzVhafOjZN9UU54hiN8PU3uAiSV7lx1yYNpbNmex2PK6dSJoNTSJUUswT651yww3Mg==

lru-cache@^6.0.0:
  version "6.0.0"
  resolved "https://registry.yarnpkg.com/lru-cache/-/lru-cache-6.0.0.tgz#6d6fe6570ebd96aaf90fcad1dafa3b2566db3a94"
  integrity sha512-Jo6dJ04CmSjuznwJSS3pUeWmd/H0ffTlkXXgwZi+eq1UCmqQwCh+eLsYOYCwY991i2Fah4h1BEMCx4qThGbsiA==
  dependencies:
    yallist "^4.0.0"

media-typer@0.3.0:
  version "0.3.0"
  resolved "https://registry.yarnpkg.com/media-typer/-/media-typer-0.3.0.tgz#8710d7af0aa626f8fffa1ce00168545263255748"
  integrity sha512-dq+qelQ9akHpcOl/gUVRTxVIOkAJ1wR3QAvb4RsVjS8oVoFjDGTc679wJYmUmknUF5HwMLOgb5O+a3KxfWapPQ==

merge-descriptors@1.0.1:
  version "1.0.1"
  resolved "https://registry.yarnpkg.com/merge-descriptors/-/merge-descriptors-1.0.1.tgz#b00aaa556dd8b44568150ec9d1b953f3f90cbb61"
  integrity sha512-cCi6g3/Zr1iqQi6ySbseM1Xvooa98N0w31jzUYrXPX2xqObmFGHJ0tQ5u74H3mVh7wLouTseZyYIq39g8cNp1w==

methods@~1.1.2:
  version "1.1.2"
  resolved "https://registry.yarnpkg.com/methods/-/methods-1.1.2.tgz#5529a4d67654134edcc5266656835b0f851afcee"
  integrity sha512-iclAHeNqNm68zFtnZ0e+1L2yUIdvzNoauKU4WBA3VvH/vPFieF7qfRlwUZU+DA9P9bPXIS90ulxoUoCH23sV2w==

mime-db@1.52.0:
  version "1.52.0"
  resolved "https://registry.yarnpkg.com/mime-db/-/mime-db-1.52.0.tgz#bbabcdc02859f4987301c856e3387ce5ec43bf70"
  integrity sha512-sPU4uV7dYlvtWJxwwxHD0PuihVNiE7TyAbQ5SWxDCB9mUYvOgroQOwYQQOKPJ8CIbE+1ETVlOoK1UC2nU3gYvg==

mime-types@~2.1.24, mime-types@~2.1.34:
  version "2.1.35"
  resolved "https://registry.yarnpkg.com/mime-types/-/mime-types-2.1.35.tgz#381a871b62a734450660ae3deee44813f70d959a"
  integrity sha512-ZDY+bPm5zTTF+YpCrAU9nK0UgICYPT0QtT1NZWFv4s++TNkcgVaT0g6+4R2uI4MjQjzysHB1zxuWL50hzaeXiw==
  dependencies:
    mime-db "1.52.0"

mime@1.6.0:
  version "1.6.0"
  resolved "https://registry.yarnpkg.com/mime/-/mime-1.6.0.tgz#32cd9e5c64553bd58d19a568af452acff04981b1"
  integrity sha512-x0Vn8spI+wuJ1O6S7gnbaQg8Pxh4NNHb7KSINmEWKiPE4RKOplvijn+NkmYmmRgP68mc70j2EbeTFRsrswaQeg==

ms@2.0.0:
  version "2.0.0"
  resolved "https://registry.yarnpkg.com/ms/-/ms-2.0.0.tgz#5608aeadfc00be6c2901df5f9861788de0d597c8"
  integrity sha512-Tpp60P6IUJDTuOq/5Z8cdskzJujfwqfOTkrwIwj7IRISpnkJnT6SyJ4PCPnGMoFjC9ddhal5KVIYtAt97ix05A==

ms@2.1.3, ms@^2.1.1:
  version "2.1.3"
  resolved "https://registry.yarnpkg.com/ms/-/ms-2.1.3.tgz#574c8138ce1d2b5861f0b44579dbadd60c6615b2"
  integrity sha512-6FlzubTLZG3J2a/NVCAleEhjzq5oxgHyaCU9yYXvcLsvoVaHJq/s5xXI6/XXP6tz7R9xAOtHnSO/tXtF3WRTlA==

negotiator@0.6.3:
  version "0.6.3"
  resolved "https://registry.yarnpkg.com/negotiator/-/negotiator-0.6.3.tgz#58e323a72fedc0d6f9cd4d31fe49f51479590ccd"
  integrity sha512-+EUsqGPLsM+j/zdChZjsnX51g4XrHFOIXwfnCVPGlQk/k5giakcKsuxCObBRu6DSm9opw/O6slWbJdghQM4bBg==

oauth@0.9.x:
  version "0.9.15"
  resolved "https://registry.yarnpkg.com/oauth/-/oauth-0.9.15.tgz#bd1fefaf686c96b75475aed5196412ff60cfb9c1"
  integrity sha512-a5ERWK1kh38ExDEfoO6qUHJb32rd7aYmPHuyCu3Fta/cnICvYmgd2uhuKXvPD+PXB+gCEYYEaQdIRAjCOwAKNA==

object-hash@^2.2.0:
  version "2.2.0"
  resolved "https://registry.yarnpkg.com/object-hash/-/object-hash-2.2.0.tgz#5ad518581eefc443bd763472b8ff2e9c2c0d54a5"
  integrity sha512-gScRMn0bS5fH+IuwyIFgnh9zBdo4DV+6GhygmWM9HyNJSgS0hScp1f5vjtm7oIIOiT9trXrShAkLFSc2IqKNgw==

object-inspect@^1.9.0:
  version "1.12.3"
  resolved "https://registry.yarnpkg.com/object-inspect/-/object-inspect-1.12.3.tgz#ba62dffd67ee256c8c086dfae69e016cd1f198b9"
  integrity sha512-geUvdk7c+eizMNUDkRpW1wJwgfOiOeHbxBR/hLXK1aT6zmVSO0jsQcs7fj6MGw89jC/cjGfLcNOrtMYtGqm81g==

oidc-token-hash@^5.0.3:
  version "5.0.3"
  resolved "https://registry.yarnpkg.com/oidc-token-hash/-/oidc-token-hash-5.0.3.tgz#9a229f0a1ce9d4fc89bcaee5478c97a889e7b7b6"
  integrity sha512-IF4PcGgzAr6XXSff26Sk/+P4KZFJVuHAJZj3wgO3vX2bMdNVp/QXTP3P7CEm9V1IdG8lDLY3HhiqpsE/nOwpPw==

on-finished@2.4.1:
  version "2.4.1"
  resolved "https://registry.yarnpkg.com/on-finished/-/on-finished-2.4.1.tgz#58c8c44116e54845ad57f14ab10b03533184ac3f"
  integrity sha512-oVlzkg3ENAhCk2zdv7IJwd/QUD4z2RxRwpkcGY8psCVcCYZNq4wYnVWALHM+brtuJjePWiYF/ClmuDr8Ch5+kg==
  dependencies:
    ee-first "1.1.1"

on-headers@~1.0.2:
  version "1.0.2"
  resolved "https://registry.yarnpkg.com/on-headers/-/on-headers-1.0.2.tgz#772b0ae6aaa525c399e489adfad90c403eb3c28f"
  integrity sha512-pZAE+FJLoyITytdqK0U5s+FIpjN0JP3OzFi/u8Rx+EV5/W+JTWGXG8xFzevE7AjBfDqHv/8vL8qQsIhHnqRkrA==

openid-client@^5.1.6:
  version "5.4.3"
  resolved "https://registry.yarnpkg.com/openid-client/-/openid-client-5.4.3.tgz#c75d2f6d07a25d383a72c8ff34605a36b7e2cd73"
  integrity sha512-sVQOvjsT/sbSfYsQI/9liWQGVZH/Pp3rrtlGEwgk/bbHfrUDZ24DN57lAagIwFtuEu+FM9Ev7r85s8S/yPjimQ==
  dependencies:
    jose "^4.14.4"
    lru-cache "^6.0.0"
    object-hash "^2.2.0"
    oidc-token-hash "^5.0.3"

parseurl@~1.3.3:
  version "1.3.3"
  resolved "https://registry.yarnpkg.com/parseurl/-/parseurl-1.3.3.tgz#9da19e7bee8d12dff0513ed5b76957793bc2e8d4"
  integrity sha512-CiyeOxFT/JZyN5m0z9PfXw4SCBJ6Sygz1Dpl0wqjlhDEGGBP1GnsUVEL0p63hoG1fcj3fHynXi9NYO4nWOL+qQ==

passport-google-oauth20@^2.0.0:
  version "2.0.0"
  resolved "https://registry.yarnpkg.com/passport-google-oauth20/-/passport-google-oauth20-2.0.0.tgz#0d241b2d21ebd3dc7f2b60669ec4d587e3a674ef"
  integrity sha512-KSk6IJ15RoxuGq7D1UKK/8qKhNfzbLeLrG3gkLZ7p4A6DBCcv7xpyQwuXtWdpyR0+E0mwkpjY1VfPOhxQrKzdQ==
  dependencies:
    passport-oauth2 "1.x.x"

passport-jwt@^4.0.0:
  version "4.0.1"
  resolved "https://registry.yarnpkg.com/passport-jwt/-/passport-jwt-4.0.1.tgz#c443795eff322c38d173faa0a3c481479646ec3d"
  integrity sha512-UCKMDYhNuGOBE9/9Ycuoyh7vP6jpeTp/+sfMJl7nLff/t6dps+iaeE0hhNkKN8/HZHcJ7lCdOyDxHdDoxoSvdQ==
  dependencies:
    jsonwebtoken "^9.0.0"
    passport-strategy "^1.0.0"

passport-local@^1.0.0:
  version "1.0.0"
  resolved "https://registry.yarnpkg.com/passport-local/-/passport-local-1.0.0.tgz#1fe63268c92e75606626437e3b906662c15ba6ee"
  integrity sha512-9wCE6qKznvf9mQYYbgJ3sVOHmCWoUNMVFoZzNoznmISbhnNNPhN9xfY3sLmScHMetEJeoY7CXwfhCe7argfQow==
  dependencies:
    passport-strategy "1.x.x"

passport-oauth2@1.x.x:
  version "1.7.0"
  resolved "https://registry.yarnpkg.com/passport-oauth2/-/passport-oauth2-1.7.0.tgz#5c4766c8531ac45ffe9ec2c09de9809e2c841fc4"
  integrity sha512-j2gf34szdTF2Onw3+76alNnaAExlUmHvkc7cL+cmaS5NzHzDP/BvFHJruueQ9XAeNOdpI+CH+PWid8RA7KCwAQ==
  dependencies:
    base64url "3.x.x"
    oauth "0.9.x"
    passport-strategy "1.x.x"
    uid2 "0.0.x"
    utils-merge "1.x.x"

passport-openidconnect@^0.1.1:
  version "0.1.1"
  resolved "https://registry.yarnpkg.com/passport-openidconnect/-/passport-openidconnect-0.1.1.tgz#83921ff5f87f634079f65262dada834af1972244"
  integrity sha512-r0QJiWEzwCg2MeCIXVP5G6YxVRqnEsZ2HpgKRthZ9AiQHJrgGUytXpsdcGF9BRwd3yMrEesb/uG/Yxb86rrY0g==
  dependencies:
    oauth "0.9.x"
    passport-strategy "1.x.x"

passport-strategy@1.x.x, passport-strategy@^1.0.0:
  version "1.0.0"
  resolved "https://registry.yarnpkg.com/passport-strategy/-/passport-strategy-1.0.0.tgz#b5539aa8fc225a3d1ad179476ddf236b440f52e4"
  integrity sha512-CB97UUvDKJde2V0KDWWB3lyf6PC3FaZP7YxZ2G8OAtn9p4HI9j9JLP9qjOGZFvyl8uwNT8qM+hGnz/n16NI7oA==

passport@^0.6.0:
  version "0.6.0"
  resolved "https://registry.yarnpkg.com/passport/-/passport-0.6.0.tgz#e869579fab465b5c0b291e841e6cc95c005fac9d"
  integrity sha512-0fe+p3ZnrWRW74fe8+SvCyf4a3Pb2/h7gFkQ8yTJpAO50gDzlfjZUZTO1k5Eg9kUct22OxHLqDZoKUWRHOh9ug==
  dependencies:
    passport-strategy "1.x.x"
    pause "0.0.1"
    utils-merge "^1.0.1"

path-to-regexp@0.1.7:
  version "0.1.7"
  resolved "https://registry.yarnpkg.com/path-to-regexp/-/path-to-regexp-0.1.7.tgz#df604178005f522f15eb4490e7247a1bfaa67f8c"
  integrity sha512-5DFkuoqlv1uYQKxy8omFBeJPQcdoE07Kv2sferDCrAq1ohOU+MSDswDIbnx3YAM60qIOnYa53wBhXW0EbMonrQ==

pause@0.0.1:
  version "0.0.1"
  resolved "https://registry.yarnpkg.com/pause/-/pause-0.0.1.tgz#1d408b3fdb76923b9543d96fb4c9dfd535d9cb5d"
  integrity sha512-KG8UEiEVkR3wGEb4m5yZkVCzigAD+cVEJck2CzYZO37ZGJfctvVptVO192MwrtPhzONn6go8ylnOdMhKqi4nfg==

proxy-addr@~2.0.7:
  version "2.0.7"
  resolved "https://registry.yarnpkg.com/proxy-addr/-/proxy-addr-2.0.7.tgz#f19fe69ceab311eeb94b42e70e8c2070f9ba1025"
  integrity sha512-llQsMLSUDUPT44jdrU/O37qlnifitDP+ZwrmmZcoSKyLKvtZxpyV0n2/bD/N4tBAAZ/gJEdZU7KMraoK1+XYAg==
  dependencies:
    forwarded "0.2.0"
    ipaddr.js "1.9.1"

qs@6.11.0:
  version "6.11.0"
  resolved "https://registry.yarnpkg.com/qs/-/qs-6.11.0.tgz#fd0d963446f7a65e1367e01abd85429453f0c37a"
  integrity sha512-MvjoMCJwEarSbUYk5O+nmoSzSutSsTwF85zcHPQ9OrlFoZOYIjaqBAJIqIXjptyD5vThxGq52Xu/MaJzRkIk4Q==
  dependencies:
    side-channel "^1.0.4"

random-bytes@~1.0.0:
  version "1.0.0"
  resolved "https://registry.yarnpkg.com/random-bytes/-/random-bytes-1.0.0.tgz#4f68a1dc0ae58bd3fb95848c30324db75d64360b"
  integrity sha512-iv7LhNVO047HzYR3InF6pUcUsPQiHTM1Qal51DcGSuZFBil1aBBWG5eHPNek7bvILMaYJ/8RU1e8w1AMdHmLQQ==

range-parser@~1.2.1:
  version "1.2.1"
  resolved "https://registry.yarnpkg.com/range-parser/-/range-parser-1.2.1.tgz#3cf37023d199e1c24d1a55b84800c2f3e6468031"
  integrity sha512-Hrgsx+orqoygnmhFbKaHE6c296J+HTAQXoxEF6gNupROmmGJRoyzfG3ccAveqCBrwr/2yxQ5BVd/GTl5agOwSg==

raw-body@2.5.1:
  version "2.5.1"
  resolved "https://registry.yarnpkg.com/raw-body/-/raw-body-2.5.1.tgz#fe1b1628b181b700215e5fd42389f98b71392857"
  integrity sha512-qqJBtEyVgS0ZmPGdCFPWJ3FreoqvG4MVQln/kCgF7Olq95IbOp0/BWyMwbdtn4VTvkM8Y7khCQ2Xgk/tcrCXig==
  dependencies:
    bytes "3.1.2"
    http-errors "2.0.0"
    iconv-lite "0.4.24"
    unpipe "1.0.0"

redis@^4.6.13:
  version "4.6.13"
  resolved "https://registry.yarnpkg.com/redis/-/redis-4.6.13.tgz#e247267c5f3ba35ab8277b57343d3a56acb2f0a6"
  integrity sha512-MHgkS4B+sPjCXpf+HfdetBwbRz6vCtsceTmw1pHNYJAsYxrfpOP6dz+piJWGos8wqG7qb3vj/Rrc5qOlmInUuA==
  dependencies:
    "@redis/bloom" "1.2.0"
    "@redis/client" "1.5.14"
    "@redis/graph" "1.1.1"
    "@redis/json" "1.0.6"
    "@redis/search" "1.1.6"
    "@redis/time-series" "1.0.5"

safe-buffer@5.2.1, safe-buffer@^5.0.1:
  version "5.2.1"
  resolved "https://registry.yarnpkg.com/safe-buffer/-/safe-buffer-5.2.1.tgz#1eaf9fa9bdb1fdd4ec75f58f9cdb4e6b7827eec6"
  integrity sha512-rp3So07KcdmmKbGvgaNxQSJr7bGVSVk5S9Eq1F+ppbRo70+YeaDxkw5Dd8NPN+GD6bjnYm2VuPuCXmpuYvmCXQ==

"safer-buffer@>= 2.1.2 < 3":
  version "2.1.2"
  resolved "https://registry.yarnpkg.com/safer-buffer/-/safer-buffer-2.1.2.tgz#44fa161b0187b9549dd84bb91802f9bd8385cd6a"
  integrity sha512-YZo3K82SD7Riyi0E1EQPojLz7kpepnSQI9IyPbHHg1XXXevb5dJI7tpyN2ADxGcQbHG7vcyRHk0cbwqcQriUtg==

semver@^7.5.4:
  version "7.5.4"
  resolved "https://registry.yarnpkg.com/semver/-/semver-7.5.4.tgz#483986ec4ed38e1c6c48c34894a9182dbff68a6e"
  integrity sha512-1bCSESV6Pv+i21Hvpxp3Dx+pSD8lIPt8uVjRrxAUt/nbswYc+tK6Y2btiULjd4+fnq15PX+nqQDC7Oft7WkwcA==
  dependencies:
    lru-cache "^6.0.0"

send@0.18.0:
  version "0.18.0"
  resolved "https://registry.yarnpkg.com/send/-/send-0.18.0.tgz#670167cc654b05f5aa4a767f9113bb371bc706be"
  integrity sha512-qqWzuOjSFOuqPjFe4NOsMLafToQQwBSOEpS+FwEt3A2V3vKubTquT3vmLTQpFgMXp8AlFWFuP1qKaJZOtPpVXg==
  dependencies:
    debug "2.6.9"
    depd "2.0.0"
    destroy "1.2.0"
    encodeurl "~1.0.2"
    escape-html "~1.0.3"
    etag "~1.8.1"
    fresh "0.5.2"
    http-errors "2.0.0"
    mime "1.6.0"
    ms "2.1.3"
    on-finished "2.4.1"
    range-parser "~1.2.1"
    statuses "2.0.1"

serve-static@1.15.0:
  version "1.15.0"
  resolved "https://registry.yarnpkg.com/serve-static/-/serve-static-1.15.0.tgz#faaef08cffe0a1a62f60cad0c4e513cff0ac9540"
  integrity sha512-XGuRDNjXUijsUL0vl6nSD7cwURuzEgglbOaFuZM9g3kwDXOWVTck0jLzjPzGD+TazWbboZYu52/9/XPdUgne9g==
  dependencies:
    encodeurl "~1.0.2"
    escape-html "~1.0.3"
    parseurl "~1.3.3"
    send "0.18.0"

setprototypeof@1.2.0:
  version "1.2.0"
  resolved "https://registry.yarnpkg.com/setprototypeof/-/setprototypeof-1.2.0.tgz#66c9a24a73f9fc28cbe66b09fed3d33dcaf1b424"
  integrity sha512-E5LDX7Wrp85Kil5bhZv46j8jOeboKq5JMmYM3gVGdGH8xFpPWXUMsNrlODCrkoxMEeNi/XZIwuRvY4XNwYMJpw==

side-channel@^1.0.4:
  version "1.0.4"
  resolved "https://registry.yarnpkg.com/side-channel/-/side-channel-1.0.4.tgz#efce5c8fdc104ee751b25c58d4290011fa5ea2cf"
  integrity sha512-q5XPytqFEIKHkGdiMIrY10mvLRvnQh42/+GoBlFW3b2LXLE2xxJpZFdm94we0BaoV3RwJyGqg5wS7epxTv0Zvw==
  dependencies:
    call-bind "^1.0.0"
    get-intrinsic "^1.0.2"
    object-inspect "^1.9.0"

statuses@2.0.1:
  version "2.0.1"
  resolved "https://registry.yarnpkg.com/statuses/-/statuses-2.0.1.tgz#55cb000ccf1d48728bd23c685a063998cf1a1b63"
  integrity sha512-RwNA9Z/7PrK06rYLIzFMlaF+l73iwpzsqRIFgbMLbTcLD6cOao82TaWefPXQvB2fOC4AjuYSEndS7N/mTCbkdQ==

toidentifier@1.0.1:
  version "1.0.1"
  resolved "https://registry.yarnpkg.com/toidentifier/-/toidentifier-1.0.1.tgz#3be34321a88a820ed1bd80dfaa33e479fbb8dd35"
  integrity sha512-o5sSPKEkg/DIQNmH43V0/uerLrpzVedkUh8tGNvaeXpfpuwjKenlSox/2O/BTlZUtEe+JG7s5YhEz608PlAHRA==

tslib@^2.3.1:
  version "2.6.2"
  resolved "https://registry.yarnpkg.com/tslib/-/tslib-2.6.2.tgz#703ac29425e7b37cd6fd456e92404d46d1f3e4ae"
  integrity sha512-AEYxH93jGFPn/a2iVAwW87VuUIkR1FVUKB77NwMF7nBTDkDrrT/Hpt/IrCJ0QXhW27jTBDcf5ZY7w6RiqTMw2Q==

type-is@~1.6.18:
  version "1.6.18"
  resolved "https://registry.yarnpkg.com/type-is/-/type-is-1.6.18.tgz#4e552cd05df09467dcbc4ef739de89f2cf37c131"
  integrity sha512-TkRKr9sUTxEH8MdfuCSP7VizJyzRNMjj2J2do2Jr3Kym598JVdEksuzPQCnlFPW4ky9Q+iA+ma9BGm06XQBy8g==
  dependencies:
    media-typer "0.3.0"
    mime-types "~2.1.24"

uid-safe@~2.1.5:
  version "2.1.5"
  resolved "https://registry.yarnpkg.com/uid-safe/-/uid-safe-2.1.5.tgz#2b3d5c7240e8fc2e58f8aa269e5ee49c0857bd3a"
  integrity sha512-KPHm4VL5dDXKz01UuEd88Df+KzynaohSL9fBh096KWAxSKZQDI2uBrVqtvRM4rwrIrRRKsdLNML/lnaaVSRioA==
  dependencies:
    random-bytes "~1.0.0"

uid2@0.0.x:
  version "0.0.4"
  resolved "https://registry.yarnpkg.com/uid2/-/uid2-0.0.4.tgz#033f3b1d5d32505f5ce5f888b9f3b667123c0a44"
  integrity sha512-IevTus0SbGwQzYh3+fRsAMTVVPOoIVufzacXcHPmdlle1jUpq7BRL+mw3dgeLanvGZdwwbWhRV6XrcFNdBmjWA==

unpipe@1.0.0, unpipe@~1.0.0:
  version "1.0.0"
  resolved "https://registry.yarnpkg.com/unpipe/-/unpipe-1.0.0.tgz#b2bf4ee8514aae6165b4817829d21b2ef49904ec"
  integrity sha512-pjy2bYhSsufwWlKwPc+l3cN7+wuJlK6uz0YdJEOlQDbl6jo/YlPi4mb8agUkVC8BF7V8NuzeyPNqRksA3hztKQ==

utils-merge@1.0.1, utils-merge@1.x.x, utils-merge@^1.0.1:
  version "1.0.1"
  resolved "https://registry.yarnpkg.com/utils-merge/-/utils-merge-1.0.1.tgz#9f95710f50a267947b2ccc124741c1028427e713"
  integrity sha512-pMZTvIkT1d+TFGvDOqodOclx0QWkkgi6Tdoa8gC8ffGAAqz9pzPTZWAybbsHHoED/ztMtkv/VoYTYyShUn81hA==

uuid@^8.3.0:
  version "8.3.2"
  resolved "https://registry.yarnpkg.com/uuid/-/uuid-8.3.2.tgz#80d5b5ced271bb9af6c445f21a1a04c606cefbe2"
  integrity sha512-+NYs2QeMWy+GWFOEm9xnn6HCDp0l7QBD7ml8zLUmJ+93Q5NF0NocErnwkTkXVFNiX3/fpC6afS8Dhb/gz7R7eg==

vary@~1.1.2:
  version "1.1.2"
  resolved "https://registry.yarnpkg.com/vary/-/vary-1.1.2.tgz#2299f02c6ded30d4a5961b0b9f74524a18f634fc"
  integrity sha512-BNGbWLfd0eUPabhkXUVm0j8uuvREyTh5ovRa/dyow/BqAbZJyC+5fU+IzQOzmAKzYqYRAISoRhdQr3eIZ/PXqg==

yallist@4.0.0, yallist@^4.0.0:
  version "4.0.0"
  resolved "https://registry.yarnpkg.com/yallist/-/yallist-4.0.0.tgz#9bb92790d9c0effec63be73519e11a35019a3a72"
  integrity sha512-3wdGidZyq5PB084XLES5TpOSRA3wjXAlIWMhum2kRcv/41Sn2emQ0dycQW4uZXLejwKvg6EsvbdlVL+FYEct7A==
